
Microsoft Visual Studio Solution File, Format Version 12.00
# Visual Studio 2012
Project("{FAE04EC0-301F-11D3-BF4B-00C04F79EFBC}") = "EjemploTestIntegration", "EjemploTestIntegration\EjemploTestIntegration.csproj", "{2B2AB5C5-F6B0-4575-95B9-C9085947CB4C}"
EndProject
Project("{FAE04EC0-301F-11D3-BF4B-00C04F79EFBC}") = "TestUnitario", "TestUnitario\TestUnitario.csproj", "{BE30AF36-0A2F-4876-B73D-DC1C77BD8F30}"
EndProject
Project("{FAE04EC0-301F-11D3-BF4B-00C04F79EFBC}") = "Infrastructure", "BusinessLogic\Infrastructure.csproj", "{80E239EB-5906-49BE-BA86-3220574CF265}"
EndProject
Project("{FAE04EC0-301F-11D3-BF4B-00C04F79EFBC}") = "Domain", "Domain\Domain.csproj", "{9872ECD2-441F-4B9E-AB02-D5D91C663C78}"
EndProject
Project("{FAE04EC0-301F-11D3-BF4B-00C04F79EFBC}") = "TestUnitary_ProductController", "TestUnitary_ProductController\TestUnitary_ProductController.csproj", "{B48CA9B6-1DEC-45F4-BE84-6A67C7379EE1}"
EndProject
Global
	GlobalSection(SolutionConfigurationPlatforms) = preSolution
		Debug|Any CPU = Debug|Any CPU
		Release|Any CPU = Release|Any CPU
	EndGlobalSection
	GlobalSection(ProjectConfigurationPlatforms) = postSolution
		{2B2AB5C5-F6B0-4575-95B9-C9085947CB4C}.Debug|Any CPU.ActiveCfg = Debug|Any CPU
		{2B2AB5C5-F6B0-4575-95B9-C9085947CB4C}.Debug|Any CPU.Build.0 = Debug|Any CPU
		{2B2AB5C5-F6B0-4575-95B9-C9085947CB4C}.Release|Any CPU.ActiveCfg = Release|Any CPU
		{2B2AB5C5-F6B0-4575-95B9-C9085947CB4C}.Release|Any CPU.Build.0 = Release|Any CPU
		{BE30AF36-0A2F-4876-B73D-DC1C77BD8F30}.Debug|Any CPU.ActiveCfg = Debug|Any CPU
		{BE30AF36-0A2F-4876-B73D-DC1C77BD8F30}.Debug|Any CPU.Build.0 = Debug|Any CPU
		{BE30AF36-0A2F-4876-B73D-DC1C77BD8F30}.Release|Any CPU.ActiveCfg = Release|Any CPU
		{BE30AF36-0A2F-4876-B73D-DC1C77BD8F30}.Release|Any CPU.Build.0 = Release|Any CPU
		{80E239EB-5906-49BE-BA86-3220574CF265}.Debug|Any CPU.ActiveCfg = Debug|Any CPU
		{80E239EB-5906-49BE-BA86-3220574CF265}.Debug|Any CPU.Build.0 = Debug|Any CPU
		{80E239EB-5906-49BE-BA86-3220574CF265}.Release|Any CPU.ActiveCfg = Release|Any CPU
		{80E239EB-5906-49BE-BA86-3220574CF265}.Release|Any CPU.Build.0 = Release|Any CPU
		{9872ECD2-441F-4B9E-AB02-D5D91C663C78}.Debug|Any CPU.ActiveCfg = Debug|Any CPU
		{9872ECD2-441F-4B9E-AB02-D5D91C663C78}.Debug|Any CPU.Build.0 = Debug|Any CPU
		{9872ECD2-441F-4B9E-AB02-D5D91C663C78}.Release|Any CPU.ActiveCfg = Release|Any CPU
		{9872ECD2-441F-4B9E-AB02-D5D91C663C78}.Release|Any CPU.Build.0 = Release|Any CPU
		{B48CA9B6-1DEC-45F4-BE84-6A67C7379EE1}.Debug|Any CPU.ActiveCfg = Debug|Any CPU
		{B48CA9B6-1DEC-45F4-BE84-6A67C7379EE1}.Debug|Any CPU.Build.0 = Debug|Any CPU
		{B48CA9B6-1DEC-45F4-BE84-6A67C7379EE1}.Release|Any CPU.ActiveCfg = Release|Any CPU
		{B48CA9B6-1DEC-45F4-BE84-6A67C7379EE1}.Release|Any CPU.Build.0 = Release|Any CPU
	EndGlobalSection
	GlobalSection(SolutionProperties) = preSolution
		HideSolutionNode = FALSE
	EndGlobalSection
EndGlobal
